
Microsoft Visual Studio Solution File, Format Version 12.00
# Visual Studio Version 17
VisualStudioVersion = 17.10.35013.160
MinimumVisualStudioVersion = 10.0.40219.1
Project("{2150E333-8FDC-42A3-9474-1A3956D46DE8}") = "Services", "Services", "{B3B582CD-7049-4AC6-8D3A-16EFC30B81BD}"
EndProject
Project("{2150E333-8FDC-42A3-9474-1A3956D46DE8}") = "Catalog", "Catalog", "{D3F9EECA-4952-4C99-B982-F653EE775D44}"
EndProject
Project("{9A19103F-16F7-4668-BE54-9A1E7A4F7556}") = "Catalog.API", "Services\Catalog\Catalog.API\Catalog.API.csproj", "{7BDCEFEF-3EA3-4FC7-96B1-6DFAA40319D5}"
EndProject
Project("{2150E333-8FDC-42A3-9474-1A3956D46DE8}") = "BuildingBlocks", "BuildingBlocks", "{83D96404-4C0A-429A-9E33-70ACDB96563C}"
EndProject
Project("{9A19103F-16F7-4668-BE54-9A1E7A4F7556}") = "BuildingBlocks", "BuildingBlocks\BuildingBlocks\BuildingBlocks.csproj", "{0FE970A9-E3A3-4BF5-9DF9-BF5173DD865D}"
EndProject
Project("{E53339B2-1760-4266-BCC7-CA923CBCF16C}") = "docker-compose", "docker-compose.dcproj", "{42777AC2-DEC6-413C-918D-16BA6A53B5DD}"
EndProject
Project("{2150E333-8FDC-42A3-9474-1A3956D46DE8}") = "Basket", "Basket", "{600B59C3-DF72-4F4D-8169-1150EF54F843}"
EndProject
Project("{9A19103F-16F7-4668-BE54-9A1E7A4F7556}") = "Basket.API", "Services\Basket\Basket.API\Basket.API.csproj", "{9588C4FB-6EF2-40FC-A138-EDE3528B99F6}"
EndProject
Project("{2150E333-8FDC-42A3-9474-1A3956D46DE8}") = "Discount", "Discount", "{FD931BFC-A830-4F39-AD65-E81580B7AA60}"
EndProject
Project("{FAE04EC0-301F-11D3-BF4B-00C04F79EFBC}") = "Discount.Grpc", "Services\Discount\Discount.Grpc\Discount.Grpc.csproj", "{36ABFBA2-E7EB-4F8E-902C-956CE2807321}"
EndProject
Project("{2150E333-8FDC-42A3-9474-1A3956D46DE8}") = "Ordering", "Ordering", "{9D041174-F25C-4809-8E91-E1A487DDED05}"
EndProject
Project("{FAE04EC0-301F-11D3-BF4B-00C04F79EFBC}") = "Ordering.API", "Services\Ordering\Ordering.API\Ordering.API.csproj", "{4BD4B421-F24D-4C1A-8B0E-A5ECCC617EC7}"
EndProject
Project("{FAE04EC0-301F-11D3-BF4B-00C04F79EFBC}") = "Ordering.Domain", "Services\Ordering\Ordering.Domain\Ordering.Domain.csproj", "{D834F9F2-ED04-4DE2-AF62-A042AF81AB6C}"
EndProject
Project("{FAE04EC0-301F-11D3-BF4B-00C04F79EFBC}") = "Ordering.Application", "Services\Ordering\Ordering.Application\Ordering.Application.csproj", "{FB2985BB-65A5-44C5-AC03-ABA22C174517}"
EndProject
Project("{FAE04EC0-301F-11D3-BF4B-00C04F79EFBC}") = "Ordering.Infrastructure", "Services\Ordering\Ordering.Infrastructure\Ordering.Infrastructure.csproj", "{E2407FD2-3872-4932-9FF5-A92C9B5EDFA3}"
EndProject
Global
	GlobalSection(SolutionConfigurationPlatforms) = preSolution
		Debug|Any CPU = Debug|Any CPU
		Release|Any CPU = Release|Any CPU
	EndGlobalSection
	GlobalSection(ProjectConfigurationPlatforms) = postSolution
		{7BDCEFEF-3EA3-4FC7-96B1-6DFAA40319D5}.Debug|Any CPU.ActiveCfg = Debug|Any CPU
		{7BDCEFEF-3EA3-4FC7-96B1-6DFAA40319D5}.Debug|Any CPU.Build.0 = Debug|Any CPU
		{7BDCEFEF-3EA3-4FC7-96B1-6DFAA40319D5}.Release|Any CPU.ActiveCfg = Release|Any CPU
		{7BDCEFEF-3EA3-4FC7-96B1-6DFAA40319D5}.Release|Any CPU.Build.0 = Release|Any CPU
		{0FE970A9-E3A3-4BF5-9DF9-BF5173DD865D}.Debug|Any CPU.ActiveCfg = Debug|Any CPU
		{0FE970A9-E3A3-4BF5-9DF9-BF5173DD865D}.Debug|Any CPU.Build.0 = Debug|Any CPU
		{0FE970A9-E3A3-4BF5-9DF9-BF5173DD865D}.Release|Any CPU.ActiveCfg = Release|Any CPU
		{0FE970A9-E3A3-4BF5-9DF9-BF5173DD865D}.Release|Any CPU.Build.0 = Release|Any CPU
		{42777AC2-DEC6-413C-918D-16BA6A53B5DD}.Debug|Any CPU.ActiveCfg = Debug|Any CPU
		{42777AC2-DEC6-413C-918D-16BA6A53B5DD}.Debug|Any CPU.Build.0 = Debug|Any CPU
		{42777AC2-DEC6-413C-918D-16BA6A53B5DD}.Release|Any CPU.ActiveCfg = Release|Any CPU
		{42777AC2-DEC6-413C-918D-16BA6A53B5DD}.Release|Any CPU.Build.0 = Release|Any CPU
		{9588C4FB-6EF2-40FC-A138-EDE3528B99F6}.Debug|Any CPU.ActiveCfg = Debug|Any CPU
		{9588C4FB-6EF2-40FC-A138-EDE3528B99F6}.Debug|Any CPU.Build.0 = Debug|Any CPU
		{9588C4FB-6EF2-40FC-A138-EDE3528B99F6}.Release|Any CPU.ActiveCfg = Release|Any CPU
		{9588C4FB-6EF2-40FC-A138-EDE3528B99F6}.Release|Any CPU.Build.0 = Release|Any CPU
		{36ABFBA2-E7EB-4F8E-902C-956CE2807321}.Debug|Any CPU.ActiveCfg = Debug|Any CPU
		{36ABFBA2-E7EB-4F8E-902C-956CE2807321}.Debug|Any CPU.Build.0 = Debug|Any CPU
		{36ABFBA2-E7EB-4F8E-902C-956CE2807321}.Release|Any CPU.ActiveCfg = Release|Any CPU
		{36ABFBA2-E7EB-4F8E-902C-956CE2807321}.Release|Any CPU.Build.0 = Release|Any CPU
		{4BD4B421-F24D-4C1A-8B0E-A5ECCC617EC7}.Debug|Any CPU.ActiveCfg = Debug|Any CPU
		{4BD4B421-F24D-4C1A-8B0E-A5ECCC617EC7}.Debug|Any CPU.Build.0 = Debug|Any CPU
		{4BD4B421-F24D-4C1A-8B0E-A5ECCC617EC7}.Release|Any CPU.ActiveCfg = Release|Any CPU
		{4BD4B421-F24D-4C1A-8B0E-A5ECCC617EC7}.Release|Any CPU.Build.0 = Release|Any CPU
		{D834F9F2-ED04-4DE2-AF62-A042AF81AB6C}.Debug|Any CPU.ActiveCfg = Debug|Any CPU
		{D834F9F2-ED04-4DE2-AF62-A042AF81AB6C}.Debug|Any CPU.Build.0 = Debug|Any CPU
		{D834F9F2-ED04-4DE2-AF62-A042AF81AB6C}.Release|Any CPU.ActiveCfg = Release|Any CPU
		{D834F9F2-ED04-4DE2-AF62-A042AF81AB6C}.Release|Any CPU.Build.0 = Release|Any CPU
		{FB2985BB-65A5-44C5-AC03-ABA22C174517}.Debug|Any CPU.ActiveCfg = Debug|Any CPU
		{FB2985BB-65A5-44C5-AC03-ABA22C174517}.Debug|Any CPU.Build.0 = Debug|Any CPU
		{FB2985BB-65A5-44C5-AC03-ABA22C174517}.Release|Any CPU.ActiveCfg = Release|Any CPU
		{FB2985BB-65A5-44C5-AC03-ABA22C174517}.Release|Any CPU.Build.0 = Release|Any CPU
		{E2407FD2-3872-4932-9FF5-A92C9B5EDFA3}.Debug|Any CPU.ActiveCfg = Debug|Any CPU
		{E2407FD2-3872-4932-9FF5-A92C9B5EDFA3}.Debug|Any CPU.Build.0 = Debug|Any CPU
		{E2407FD2-3872-4932-9FF5-A92C9B5EDFA3}.Release|Any CPU.ActiveCfg = Release|Any CPU
		{E2407FD2-3872-4932-9FF5-A92C9B5EDFA3}.Release|Any CPU.Build.0 = Release|Any CPU
	EndGlobalSection
	GlobalSection(SolutionProperties) = preSolution
		HideSolutionNode = FALSE
	EndGlobalSection
	GlobalSection(NestedProjects) = preSolution
		{D3F9EECA-4952-4C99-B982-F653EE775D44} = {B3B582CD-7049-4AC6-8D3A-16EFC30B81BD}
		{7BDCEFEF-3EA3-4FC7-96B1-6DFAA40319D5} = {D3F9EECA-4952-4C99-B982-F653EE775D44}
		{0FE970A9-E3A3-4BF5-9DF9-BF5173DD865D} = {83D96404-4C0A-429A-9E33-70ACDB96563C}
		{600B59C3-DF72-4F4D-8169-1150EF54F843} = {B3B582CD-7049-4AC6-8D3A-16EFC30B81BD}
		{9588C4FB-6EF2-40FC-A138-EDE3528B99F6} = {600B59C3-DF72-4F4D-8169-1150EF54F843}
		{FD931BFC-A830-4F39-AD65-E81580B7AA60} = {B3B582CD-7049-4AC6-8D3A-16EFC30B81BD}
		{36ABFBA2-E7EB-4F8E-902C-956CE2807321} = {FD931BFC-A830-4F39-AD65-E81580B7AA60}
		{9D041174-F25C-4809-8E91-E1A487DDED05} = {B3B582CD-7049-4AC6-8D3A-16EFC30B81BD}
		{4BD4B421-F24D-4C1A-8B0E-A5ECCC617EC7} = {9D041174-F25C-4809-8E91-E1A487DDED05}
		{D834F9F2-ED04-4DE2-AF62-A042AF81AB6C} = {9D041174-F25C-4809-8E91-E1A487DDED05}
		{FB2985BB-65A5-44C5-AC03-ABA22C174517} = {9D041174-F25C-4809-8E91-E1A487DDED05}
		{E2407FD2-3872-4932-9FF5-A92C9B5EDFA3} = {9D041174-F25C-4809-8E91-E1A487DDED05}
	EndGlobalSection
	GlobalSection(ExtensibilityGlobals) = postSolution
		SolutionGuid = {22BA79D5-21F2-441E-80F2-3234B4B69787}
	EndGlobalSection
EndGlobal
